{
  "nodes": {
    "fish_plugin_autopair": {
      "flake": false,
      "locked": {
        "lastModified": 1656950411,
        "narHash": "sha256-qt3t1iKRRNuiLWiVoiAYOu+9E7jsyECyIqZJ/oRIT1A=",
        "owner": "jorgebucaran",
        "repo": "autopair.fish",
        "rev": "4d1752ff5b39819ab58d7337c69220342e9de0e2",
        "type": "github"
      },
      "original": {
        "owner": "jorgebucaran",
        "repo": "autopair.fish",
        "type": "github"
      }
    },
    "fish_plugin_fzf": {
      "flake": false,
      "locked": {
        "lastModified": 1712464035,
        "narHash": "sha256-T8KYLA/r/gOKvAivKRoeqIwE2pINlxFQtZJHpOy9GMM=",
        "owner": "patrickf1",
        "repo": "fzf.fish",
        "rev": "8920367cf85eee5218cc25a11e209d46e2591e7a",
        "type": "github"
      },
      "original": {
        "owner": "patrickf1",
        "repo": "fzf.fish",
        "type": "github"
      }
    },
    "fish_plugin_puffer": {
      "flake": false,
      "locked": {
        "lastModified": 1763062131,
        "narHash": "sha256-Dhx5+XRxJvlhdnFyimNxFyFiASrGU4ZwyefsDwtKnSg=",
        "owner": "nickeb96",
        "repo": "puffer-fish",
        "rev": "83174b07de60078be79985ef6123d903329622b8",
        "type": "github"
      },
      "original": {
        "owner": "nickeb96",
        "repo": "puffer-fish",
        "type": "github"
      }
    },
    "home-manager": {
      "inputs": {
        "nixpkgs": ["nixpkgs"]
      },
      "locked": {
        "lastModified": 1765605144,
        "narHash": "sha256-RM2xs+1HdHxesjOelxoA3eSvXShC8pmBvtyTke4Ango=",
        "owner": "nix-community",
        "repo": "home-manager",
        "rev": "90b62096f099b73043a747348c11dbfcfbdea949",
        "type": "github"
      },
      "original": {
        "owner": "nix-community",
        "ref": "release-25.11",
        "repo": "home-manager",
        "type": "github"
      }
    },
    "nixpkgs": {
      "locked": {
        "lastModified": 1765311797,
        "narHash": "sha256-mSD5Ob7a+T2RNjvPvOA1dkJHGVrNVl8ZOrAwBjKBDQo=",
        "owner": "nixos",
        "repo": "nixpkgs",
        "rev": "09eb77e94fa25202af8f3e81ddc7353d9970ac1b",
        "type": "github"
      },
      "original": {
        "owner": "nixos",
        "ref": "nixos-25.11",
        "repo": "nixpkgs",
        "type": "github"
      }
    },
    "root": {
      "inputs": {
        "fish_plugin_autopair": "fish_plugin_autopair",
        "fish_plugin_fzf": "fish_plugin_fzf",
        "fish_plugin_puffer": "fish_plugin_puffer",
        "home-manager": "home-manager",
        "nixpkgs": "nixpkgs",
        "sops-nix": "sops-nix",
        "tmux_plugin_kanagawa": "tmux_plugin_kanagawa"
      }
    },
    "sops-nix": {
      "inputs": {
        "nixpkgs": ["nixpkgs"]
      },
      "locked": {
        "lastModified": 1766894905,
        "narHash": "sha256-pn8AxxfajqyR/Dmr1wnZYdUXHgM3u6z9x0Z1Ijmz2UQ=",
        "owner": "Mic92",
        "repo": "sops-nix",
        "rev": "61b39c7b657081c2adc91b75dd3ad8a91d6f07a7",
        "type": "github"
      },
      "original": {
        "owner": "Mic92",
        "repo": "sops-nix",
        "type": "github"
      }
    },
    "tmux_plugin_kanagawa": {
      "flake": false,
      "locked": {
        "lastModified": 1765940068,
        "narHash": "sha256-ldc++p2PcYdzoOLrd4PGSrueAGNWncdbc5k6wmFM9kQ=",
        "owner": "Nybkox",
        "repo": "tmux-kanagawa",
        "rev": "10a59af0a50aacf7e68e6757fb42e94d1804246e",
        "type": "github"
      },
      "original": {
        "owner": "Nybkox",
        "repo": "tmux-kanagawa",
        "type": "github"
      }
    }
  },
  "root": "root",
  "version": 7
}
